// !$*UTF8*$!
{
	archiveVersion = 1;
	classes = {
	};
	objectVersion = 46;
	objects = {

/* Begin PBXBuildFile section */
		93218F241DB4D00200631962 /* main.m in Sources */ = {isa = PBXBuildFile; fileRef = 93218F231DB4D00200631962 /* main.m */; };
		93218F271DB4D00200631962 /* AppDelegate.m in Sources */ = {isa = PBXBuildFile; fileRef = 93218F261DB4D00200631962 /* AppDelegate.m */; };
		93218F2A1DB4D00200631962 /* ViewController.m in Sources */ = {isa = PBXBuildFile; fileRef = 93218F291DB4D00200631962 /* ViewController.m */; };
		93218F2D1DB4D00200631962 /* Main.storyboard in Resources */ = {isa = PBXBuildFile; fileRef = 93218F2B1DB4D00200631962 /* Main.storyboard */; };
		93218F2F1DB4D00200631962 /* Assets.xcassets in Resources */ = {isa = PBXBuildFile; fileRef = 93218F2E1DB4D00200631962 /* Assets.xcassets */; };
		93218F321DB4D00200631962 /* LaunchScreen.storyboard in Resources */ = {isa = PBXBuildFile; fileRef = 93218F301DB4D00200631962 /* LaunchScreen.storyboard */; };
		93218F3D1DB4D00200631962 /* PopTests.m in Sources */ = {isa = PBXBuildFile; fileRef = 93218F3C1DB4D00200631962 /* PopTests.m */; };
		93218F481DB4D00200631962 /* PopUITests.m in Sources */ = {isa = PBXBuildFile; fileRef = 93218F471DB4D00200631962 /* PopUITests.m */; };
/* End PBXBuildFile section */

/* Begin PBXContainerItemProxy section */
		93218F391DB4D00200631962 /* PBXContainerItemProxy */ = {
			isa = PBXContainerItemProxy;
			containerPortal = 93218F171DB4D00200631962 /* Project object */;
			proxyType = 1;
			remoteGlobalIDString = 93218F1E1DB4D00200631962;
			remoteInfo = Pop;
		};
		93218F441DB4D00200631962 /* PBXContainerItemProxy */ = {
			isa = PBXContainerItemProxy;
			containerPortal = 93218F171DB4D00200631962 /* Project object */;
			proxyType = 1;
			remoteGlobalIDString = 93218F1E1DB4D00200631962;
			remoteInfo = Pop;
		};
/* End PBXContainerItemProxy section */

/* Begin PBXFileReference section */
		93218F1F1DB4D00200631962 /* Pop.app */ = {isa = PBXFileReference; explicitFileType = wrapper.application; includeInIndex = 0; path = Pop.app; sourceTree = BUILT_PRODUCTS_DIR; };
		93218F231DB4D00200631962 /* main.m */ = {isa = PBXFileReference; lastKnownFileType = sourcecode.c.objc; path = main.m; sourceTree = "<group>"; };
		93218F251DB4D00200631962 /* AppDelegate.h */ = {isa = PBXFileReference; lastKnownFileType = sourcecode.c.h; path = AppDelegate.h; sourceTree = "<group>"; };
		93218F261DB4D00200631962 /* AppDelegate.m */ = {isa = PBXFileReference; lastKnownFileType = sourcecode.c.objc; path = AppDelegate.m; sourceTree = "<group>"; };
		93218F281DB4D00200631962 /* ViewController.h */ = {isa = PBXFileReference; lastKnownFileType = sourcecode.c.h; path = ViewController.h; sourceTree = "<group>"; };
		93218F291DB4D00200631962 /* ViewController.m */ = {isa = PBXFileReference; lastKnownFileType = sourcecode.c.objc; path = ViewController.m; sourceTree = "<group>"; };
		93218F2C1DB4D00200631962 /* Base */ = {isa = PBXFileReference; lastKnownFileType = file.storyboard; name = Base; path = Base.lproj/Main.storyboard; sourceTree = "<group>"; };
		93218F2E1DB4D00200631962 /* Assets.xcassets */ = {isa = PBXFileReference; lastKnownFileType = folder.assetcatalog; path = Assets.xcassets; sourceTree = "<group>"; };
		93218F311DB4D00200631962 /* Base */ = {isa = PBXFileReference; lastKnownFileType = file.storyboard; name = Base; path = Base.lproj/LaunchScreen.storyboard; sourceTree = "<group>"; };
		93218F331DB4D00200631962 /* Info.plist */ = {isa = PBXFileReference; lastKnownFileType = text.plist.xml; path = Info.plist; sourceTree = "<group>"; };
		93218F381DB4D00200631962 /* PopTests.xctest */ = {isa = PBXFileReference; explicitFileType = wrapper.cfbundle; includeInIndex = 0; path = PopTests.xctest; sourceTree = BUILT_PRODUCTS_DIR; };
		93218F3C1DB4D00200631962 /* PopTests.m */ = {isa = PBXFileReference; lastKnownFileType = sourcecode.c.objc; path = PopTests.m; sourceTree = "<group>"; };
		93218F3E1DB4D00200631962 /* Info.plist */ = {isa = PBXFileReference; lastKnownFileType = text.plist.xml; path = Info.plist; sourceTree = "<group>"; };
		93218F431DB4D00200631962 /* PopUITests.xctest */ = {isa = PBXFileReference; explicitFileType = wrapper.cfbundle; includeInIndex = 0; path = PopUITests.xctest; sourceTree = BUILT_PRODUCTS_DIR; };
		93218F471DB4D00200631962 /* PopUITests.m */ = {isa = PBXFileReference; lastKnownFileType = sourcecode.c.objc; path = PopUITests.m; sourceTree = "<group>"; };
		93218F491DB4D00200631962 /* Info.plist */ = {isa = PBXFileReference; lastKnownFileType = text.plist.xml; path = Info.plist; sourceTree = "<group>"; };
/* End PBXFileReference section */

/* Begin PBXFrameworksBuildPhase section */
		93218F1C1DB4D00200631962 /* Frameworks */ = {
			isa = PBXFrameworksBuildPhase;
			buildActionMask = 2147483647;
			files = (
			);
			runOnlyForDeploymentPostprocessing = 0;
		};
		93218F351DB4D00200631962 /* Frameworks */ = {
			isa = PBXFrameworksBuildPhase;
			buildActionMask = 2147483647;
			files = (
			);
			runOnlyForDeploymentPostprocessing = 0;
		};
		93218F401DB4D00200631962 /* Frameworks */ = {
			isa = PBXFrameworksBuildPhase;
			buildActionMask = 2147483647;
			files = (
			);
			runOnlyForDeploymentPostprocessing = 0;
		};
/* End PBXFrameworksBuildPhase section */

/* Begin PBXGroup section */
		93218F161DB4D00200631962 = {
			isa = PBXGroup;
			children = (
				93218F211DB4D00200631962 /* Pop */,
				93218F3B1DB4D00200631962 /* PopTests */,
				93218F461DB4D00200631962 /* PopUITests */,
				93218F201DB4D00200631962 /* Products */,
			);
			sourceTree = "<group>";
		};
		93218F201DB4D00200631962 /* Products */ = {
			isa = PBXGroup;
			children = (
				93218F1F1DB4D00200631962 /* Pop.app */,
				93218F381DB4D00200631962 /* PopTests.xctest */,
				93218F431DB4D00200631962 /* PopUITests.xctest */,
			);
			name = Products;
			sourceTree = "<group>";
		};
		93218F211DB4D00200631962 /* Pop */ = {
			isa = PBXGroup;
			children = (
				93218F251DB4D00200631962 /* AppDelegate.h */,
				93218F261DB4D00200631962 /* AppDelegate.m */,
				93218F281DB4D00200631962 /* ViewController.h */,
				93218F291DB4D00200631962 /* ViewController.m */,
				93218F2B1DB4D00200631962 /* Main.storyboard */,
				93218F2E1DB4D00200631962 /* Assets.xcassets */,
				93218F301DB4D00200631962 /* LaunchScreen.storyboard */,
				93218F331DB4D00200631962 /* Info.plist */,
				93218F221DB4D00200631962 /* Supporting Files */,
			);
			path = Pop;
			sourceTree = "<group>";
		};
		93218F221DB4D00200631962 /* Supporting Files */ = {
			isa = PBXGroup;
			children = (
				93218F231DB4D00200631962 /* main.m */,
			);
			name = "Supporting Files";
			sourceTree = "<group>";
		};
		93218F3B1DB4D00200631962 /* PopTests */ = {
			isa = PBXGroup;
			children = (
				93218F3C1DB4D00200631962 /* PopTests.m */,
				93218F3E1DB4D00200631962 /* Info.plist */,
			);
			path = PopTests;
			sourceTree = "<group>";
		};
		93218F461DB4D00200631962 /* PopUITests */ = {
			isa = PBXGroup;
			children = (
				93218F471DB4D00200631962 /* PopUITests.m */,
				93218F491DB4D00200631962 /* Info.plist */,
			);
			path = PopUITests;
			sourceTree = "<group>";
		};
/* End PBXGroup section */

/* Begin PBXNativeTarget section */
		93218F1E1DB4D00200631962 /* Pop */ = {
			isa = PBXNativeTarget;
			buildConfigurationList = 93218F4C1DB4D00200631962 /* Build configuration list for PBXNativeTarget "Pop" */;
			buildPhases = (
				93218F1B1DB4D00200631962 /* Sources */,
				93218F1C1DB4D00200631962 /* Frameworks */,
				93218F1D1DB4D00200631962 /* Resources */,
			);
			buildRules = (
			);
			dependencies = (
			);
			name = Pop;
			productName = Pop;
			productReference = 93218F1F1DB4D00200631962 /* Pop.app */;
			productType = "com.apple.product-type.application";
		};
		93218F371DB4D00200631962 /* PopTests */ = {
			isa = PBXNativeTarget;
			buildConfigurationList = 93218F4F1DB4D00200631962 /* Build configuration list for PBXNativeTarget "PopTests" */;
			buildPhases = (
				93218F341DB4D00200631962 /* Sources */,
				93218F351DB4D00200631962 /* Frameworks */,
				93218F361DB4D00200631962 /* Resources */,
			);
			buildRules = (
			);
			dependencies = (
				93218F3A1DB4D00200631962 /* PBXTargetDependency */,
			);
			name = PopTests;
			productName = PopTests;
			productReference = 93218F381DB4D00200631962 /* PopTests.xctest */;
			productType = "com.apple.product-type.bundle.unit-test";
		};
		93218F421DB4D00200631962 /* PopUITests */ = {
			isa = PBXNativeTarget;
			buildConfigurationList = 93218F521DB4D00200631962 /* Build configuration list for PBXNativeTarget "PopUITests" */;
			buildPhases = (
				93218F3F1DB4D00200631962 /* Sources */,
				93218F401DB4D00200631962 /* Frameworks */,
				93218F411DB4D00200631962 /* Resources */,
			);
			buildRules = (
			);
			dependencies = (
				93218F451DB4D00200631962 /* PBXTargetDependency */,
			);
			name = PopUITests;
			productName = PopUITests;
			productReference = 93218F431DB4D00200631962 /* PopUITests.xctest */;
			productType = "com.apple.product-type.bundle.ui-testing";
		};
/* End PBXNativeTarget section */

/* Begin PBXProject section */
		93218F171DB4D00200631962 /* Project object */ = {
			isa = PBXProject;
			attributes = {
				LastUpgradeCheck = 0800;
				ORGANIZATIONNAME = BQHZ;
				TargetAttributes = {
					93218F1E1DB4D00200631962 = {
						CreatedOnToolsVersion = 8.0;
						ProvisioningStyle = Automatic;
					};
					93218F371DB4D00200631962 = {
						CreatedOnToolsVersion = 8.0;
						ProvisioningStyle = Automatic;
						TestTargetID = 93218F1E1DB4D00200631962;
					};
					93218F421DB4D00200631962 = {
						CreatedOnToolsVersion = 8.0;
						ProvisioningStyle = Automatic;
						TestTargetID = 93218F1E1DB4D00200631962;
					};
				};
			};
			buildConfigurationList = 93218F1A1DB4D00200631962 /* Build configuration list for PBXProject "Pop" */;
			compatibilityVersion = "Xcode 3.2";
			developmentRegion = English;
			hasScannedForEncodings = 0;
			knownRegions = (
				en,
				Base,
			);
			mainGroup = 93218F161DB4D00200631962;
			productRefGroup = 93218F201DB4D00200631962 /* Products */;
			projectDirPath = "";
			projectRoot = "";
			targets = (
				93218F1E1DB4D00200631962 /* Pop */,
				93218F371DB4D00200631962 /* PopTests */,
				93218F421DB4D00200631962 /* PopUITests */,
			);
		};
/* End PBXProject section */

/* Begin PBXResourcesBuildPhase section */
		93218F1D1DB4D00200631962 /* Resources */ = {
			isa = PBXResourcesBuildPhase;
			buildActionMask = 2147483647;
			files = (
				93218F321DB4D00200631962 /* LaunchScreen.storyboard in Resources */,
				93218F2F1DB4D00200631962 /* Assets.xcassets in Resources */,
				93218F2D1DB4D00200631962 /* Main.storyboard in Resources */,
			);
			runOnlyForDeploymentPostprocessing = 0;
		};
		93218F361DB4D00200631962 /* Resources */ = {
			isa = PBXResourcesBuildPhase;
			buildActionMask = 2147483647;
			files = (
			);
			runOnlyForDeploymentPostprocessing = 0;
		};
		93218F411DB4D00200631962 /* Resources */ = {
			isa = PBXResourcesBuildPhase;
			buildActionMask = 2147483647;
			files = (
			);
			runOnlyForDeploymentPostprocessing = 0;
		};
/* End PBXResourcesBuildPhase section */

/* Begin PBXSourcesBuildPhase section */
		93218F1B1DB4D00200631962 /* Sources */ = {
			isa = PBXSourcesBuildPhase;
			buildActionMask = 2147483647;
			files = (
				93218F2A1DB4D00200631962 /* ViewController.m in Sources */,
				93218F271DB4D00200631962 /* AppDelegate.m in Sources */,
				93218F241DB4D00200631962 /* main.m in Sources */,
			);
			runOnlyForDeploymentPostprocessing = 0;
		};
		93218F341DB4D00200631962 /* Sources */ = {
			isa = PBXSourcesBuildPhase;
			buildActionMask = 2147483647;
			files = (
				93218F3D1DB4D00200631962 /* PopTests.m in Sources */,
			);
			runOnlyForDeploymentPostprocessing = 0;
		};
		93218F3F1DB4D00200631962 /* Sources */ = {
			isa = PBXSourcesBuildPhase;
			buildActionMask = 2147483647;
			files = (
				93218F481DB4D00200631962 /* PopUITests.m in Sources */,
			);
			runOnlyForDeploymentPostprocessing = 0;
		};
/* End PBXSourcesBuildPhase section */

/* Begin PBXTargetDependency section */
		93218F3A1DB4D00200631962 /* PBXTargetDependency */ = {
			isa = PBXTargetDependency;
			target = 93218F1E1DB4D00200631962 /* Pop */;
			targetProxy = 93218F391DB4D00200631962 /* PBXContainerItemProxy */;
		};
		93218F451DB4D00200631962 /* PBXTargetDependency */ = {
			isa = PBXTargetDependency;
			target = 93218F1E1DB4D00200631962 /* Pop */;
			targetProxy = 93218F441DB4D00200631962 /* PBXContainerItemProxy */;
		};
/* End PBXTargetDependency section */

/* Begin PBXVariantGroup section */
		93218F2B1DB4D00200631962 /* Main.storyboard */ = {
			isa = PBXVariantGroup;
			children = (
				93218F2C1DB4D00200631962 /* Base */,
			);
			name = Main.storyboard;
			sourceTree = "<group>";
		};
		93218F301DB4D00200631962 /* LaunchScreen.storyboard */ = {
			isa = PBXVariantGroup;
			children = (
				93218F311DB4D00200631962 /* Base */,
			);
			name = LaunchScreen.storyboard;
			sourceTree = "<group>";
		};
/* End PBXVariantGroup section */

/* Begin XCBuildConfiguration section */
		93218F4A1DB4D00200631962 /* Debug */ = {
			isa = XCBuildConfiguration;
			buildSettings = {
				ALWAYS_SEARCH_USER_PATHS = NO;
				CLANG_ANALYZER_NONNULL = YES;
				CLANG_CXX_LANGUAGE_STANDARD = "gnu++0x";
				CLANG_CXX_LIBRARY = "libc++";
				CLANG_ENABLE_MODULES = YES;
				CLANG_ENABLE_OBJC_ARC = YES;
				CLANG_WARN_BOOL_CONVERSION = YES;
				CLANG_WARN_CONSTANT_CONVERSION = YES;
				CLANG_WARN_DIRECT_OBJC_ISA_USAGE = YES_ERROR;
				CLANG_WARN_DOCUMENTATION_COMMENTS = YES;
				CLANG_WARN_EMPTY_BODY = YES;
				CLANG_WARN_ENUM_CONVERSION = YES;
				CLANG_WARN_INFINITE_RECURSION = YES;
				CLANG_WARN_INT_CONVERSION = YES;
				CLANG_WARN_OBJC_ROOT_CLASS = YES_ERROR;
				CLANG_WARN_SUSPICIOUS_MOVES = YES;
				CLANG_WARN_UNREACHABLE_CODE = YES;
				CLANG_WARN__DUPLICATE_METHOD_MATCH = YES;
				"CODE_SIGN_IDENTITY[sdk=iphoneos*]" = "iPhone Developer";
				COPY_PHASE_STRIP = NO;
				DEBUG_INFORMATION_FORMAT = dwarf;
				ENABLE_STRICT_OBJC_MSGSEND = YES;
				ENABLE_TESTABILITY = YES;
				GCC_C_LANGUAGE_STANDARD = gnu99;
				GCC_DYNAMIC_NO_PIC = NO;
				GCC_NO_COMMON_BLOCKS = YES;
				GCC_OPTIMIZATION_LEVEL = 0;
				GCC_PREPROCESSOR_DEFINITIONS = (
					"DEBUG=1",
					"$(inherited)",
				);
				GCC_WARN_64_TO_32_BIT_CONVERSION = YES;
				GCC_WARN_ABOUT_RETURN_TYPE = YES_ERROR;
				GCC_WARN_UNDECLARED_SELECTOR = YES;
				GCC_WARN_UNINITIALIZED_AUTOS = YES_AGGRESSIVE;
				GCC_WARN_UNUSED_FUNCTION = YES;
				GCC_WARN_UNUSED_VARIABLE = YES;
				IPHONEOS_DEPLOYMENT_TARGET = 10.0;
				MTL_ENABLE_DEBUG_INFO = YES;
				ONLY_ACTIVE_ARCH = YES;
				SDKROOT = iphoneos;
				TARGETED_DEVICE_FAMILY = 2;
			};
			name = Debug;
		};
		93218F4B1DB4D00200631962 /* Release */ = {
			isa = XCBuildConfiguration;
			buildSettings = {
				ALWAYS_SEARCH_USER_PATHS = NO;
				CLANG_ANALYZER_NONNULL = YES;
				CLANG_CXX_LANGUAGE_STANDARD = "gnu++0x";
				CLANG_CXX_LIBRARY = "libc++";
				CLANG_ENABLE_MODULES = YES;
				CLANG_ENABLE_OBJC_ARC = YES;
				CLANG_WARN_BOOL_CONVERSION = YES;
				CLANG_WARN_CONSTANT_CONVERSION = YES;
				CLANG_WARN_DIRECT_OBJC_ISA_USAGE = YES_ERROR;
				CLANG_WARN_DOCUMENTATION_COMMENTS = YES;
				CLANG_WARN_EMPTY_BODY = YES;
				CLANG_WARN_ENUM_CONVERSION = YES;
				CLANG_WARN_INFINITE_RECURSION = YES;
				CLANG_WARN_INT_CONVERSION = YES;
				CLANG_WARN_OBJC_ROOT_CLASS = YES_ERROR;
				CLANG_WARN_SUSPICIOUS_MOVES = YES;
				CLANG_WARN_UNREACHABLE_CODE = YES;
				CLANG_WARN__DUPLICATE_METHOD_MATCH = YES;
				"CODE_SIGN_IDENTITY[sdk=iphoneos*]" = "iPhone Developer";
				COPY_PHASE_STRIP = NO;
				DEBUG_INFORMATION_FORMAT = "dwarf-with-dsym";
				ENABLE_NS_ASSERTIONS = NO;
				ENABLE_STRICT_OBJC_MSGSEND = YES;
				GCC_C_LANGUAGE_STANDARD = gnu99;
				GCC_NO_COMMON_BLOCKS = YES;
				GCC_WARN_64_TO_32_BIT_CONVERSION = YES;
				GCC_WARN_ABOUT_RETURN_TYPE = YES_ERROR;
				GCC_WARN_UNDECLARED_SELECTOR = YES;
				GCC_WARN_UNINITIALIZED_AUTOS = YES_AGGRESSIVE;
				GCC_WARN_UNUSED_FUNCTION = YES;
				GCC_WARN_UNUSED_VARIABLE = YES;
				IPHONEOS_DEPLOYMENT_TARGET = 10.0;
				MTL_ENABLE_DEBUG_INFO = NO;
				SDKROOT = iphoneos;
				TARGETED_DEVICE_FAMILY = 2;
				VALIDATE_PRODUCT = YES;
			};
			name = Release;
		};
		93218F4D1DB4D00200631962 /* Debug */ = {
			isa = XCBuildConfiguration;
			buildSettings = {
				ASSETCATALOG_COMPILER_APPICON_NAME = AppIcon;
				INFOPLIST_FILE = Pop/Info.plist;
				LD_RUNPATH_SEARCH_PATHS = "$(inherited) @executable_path/Frameworks";
				PRODUCT_BUNDLE_IDENTIFIER = bqhz.Pop;
				PRODUCT_NAME = "$(TARGET_NAME)";
			};
			name = Debug;
		};
		93218F4E1DB4D00200631962 /* Release */ = {
			isa = XCBuildConfiguration;
			buildSettings = {
				ASSETCATALOG_COMPILER_APPICON_NAME = AppIcon;
				INFOPLIST_FILE = Pop/Info.plist;
				LD_RUNPATH_SEARCH_PATHS = "$(inherited) @executable_path/Frameworks";
				PRODUCT_BUNDLE_IDENTIFIER = bqhz.Pop;
				PRODUCT_NAME = "$(TARGET_NAME)";
			};
			name = Release;
		};
		93218F501DB4D00200631962 /* Debug */ = {
			isa = XCBuildConfiguration;
			buildSettings = {
				BUNDLE_LOADER = "$(TEST_HOST)";
				INFOPLIST_FILE = PopTests/Info.plist;
				LD_RUNPATH_SEARCH_PATHS = "$(inherited) @executable_path/Frameworks @loader_path/Frameworks";
				PRODUCT_BUNDLE_IDENTIFIER = bqhz.PopTests;
				PRODUCT_NAME = "$(TARGET_NAME)";
				TEST_HOST = "$(BUILT_PRODUCTS_DIR)/Pop.app/Pop";
			};
			name = Debug;
		};
		93218F511DB4D00200631962 /* Release */ = {
			isa = XCBuildConfiguration;
			buildSettings = {
				BUNDLE_LOADER = "$(TEST_HOST)";
				INFOPLIST_FILE = PopTests/Info.plist;
				LD_RUNPATH_SEARCH_PATHS = "$(inherited) @executable_path/Frameworks @loader_path/Frameworks";
				PRODUCT_BUNDLE_IDENTIFIER = bqhz.PopTests;
				PRODUCT_NAME = "$(TARGET_NAME)";
				TEST_HOST = "$(BUILT_PRODUCTS_DIR)/Pop.app/Pop";
			};
			name = Release;
		};
		93218F531DB4D00200631962 /* Debug */ = {
			isa = XCBuildConfiguration;
			buildSettings = {
				INFOPLIST_FILE = PopUITests/Info.plist;
				LD_RUNPATH_SEARCH_PATHS = "$(inherited) @executable_path/Frameworks @loader_path/Frameworks";
				PRODUCT_BUNDLE_IDENTIFIER = bqhz.PopUITests;
				PRODUCT_NAME = "$(TARGET_NAME)";
				TEST_TARGET_NAME = Pop;
			};
			name = Debug;
		};
		93218F541DB4D00200631962 /* Release */ = {
			isa = XCBuildConfiguration;
			buildSettings = {
				INFOPLIST_FILE = PopUITests/Info.plist;
				LD_RUNPATH_SEARCH_PATHS = "$(inherited) @executable_path/Frameworks @loader_path/Frameworks";
				PRODUCT_BUNDLE_IDENTIFIER = bqhz.PopUITests;
				PRODUCT_NAME = "$(TARGET_NAME)";
				TEST_TARGET_NAME = Pop;
			};
			name = Release;
		};
/* End XCBuildConfiguration section */

/* Begin XCConfigurationList section */
		93218F1A1DB4D00200631962 /* Build configuration list for PBXProject "Pop" */ = {
			isa = XCConfigurationList;
			buildConfigurations = (
				93218F4A1DB4D00200631962 /* Debug */,
				93218F4B1DB4D00200631962 /* Release */,
			);
			defaultConfigurationIsVisible = 0;
			defaultConfigurationName = Release;
		};
		93218F4C1DB4D00200631962 /* Build configuration list for PBXNativeTarget "Pop" */ = {
			isa = XCConfigurationList;
			buildConfigurations = (
				93218F4D1DB4D00200631962 /* Debug */,
				93218F4E1DB4D00200631962 /* Release */,
			);
			defaultConfigurationIsVisible = 0;
		};
		93218F4F1DB4D00200631962 /* Build configuration list for PBXNativeTarget "PopTests" */ = {
			isa = XCConfigurationList;
			buildConfigurations = (
				93218F501DB4D00200631962 /* Debug */,
				93218F511DB4D00200631962 /* Release */,
			);
			defaultConfigurationIsVisible = 0;
		};
		93218F521DB4D00200631962 /* Build configuration list for PBXNativeTarget "PopUITests" */ = {
			isa = XCConfigurationList;
			buildConfigurations = (
				93218F531DB4D00200631962 /* Debug */,
				93218F541DB4D00200631962 /* Release */,
			);
			defaultConfigurationIsVisible = 0;
		};
/* End XCConfigurationList section */
	};
	rootObject = 93218F171DB4D00200631962 /* Project object */;
}
